{
  "name": "corpus",
  "version": "1.0.0",
  "lockfileVersion": 3,
  "requires": true,
  "packages": {
    "": {
      "name": "corpus",
      "version": "1.0.0",
      "dependencies": {
        "lodash": "4.17.4",
        "minimist": "1.2.0",
        "axios": "0.18.0",
        "handlebars": "4.0.11",
        "marked": "0.3.9",
        "moment": "2.19.3",
        "express": "4.16.0",
        "jquery": "3.2.1",
        "node-fetch": "2.6.0",
        "ws": "5.2.0",
        "tar": "4.4.0",
        "y18n": "4.0.0",
        "ejs": "2.6.1",
        "serialize-javascript": "1.9.0",
        "shelljs": "0.3.0",
        "js-yaml": "3.12.0",
        "braces": "2.3.0",
        "debug": "2.6.8",
        "mongoose": "5.7.0",
        "socket.io": "2.2.0",
        "next": "9.3.0",
        "vue": "2.6.10",
        "angular": "1.6.9",
        "bootstrap": "3.3.7",
        "underscore": "1.8.3",
        "request": "2.87.0",
        "sequelize": "5.21.0",
        "http-proxy-middleware": "0.19.1",
        "netmask": "1.0.6",
        "parse-url": "5.0.0"
      }
    },
    "node_modules/lodash": {
      "version": "4.17.4",
      "resolved": "https://registry.npmjs.org/lodash/-/lodash-4.17.4.tgz"
    },
    "node_modules/minimist": {
      "version": "1.2.0",
      "resolved": "https://registry.npmjs.org/minimist/-/minimist-1.2.0.tgz"
    },
    "node_modules/axios": {
      "version": "0.18.0",
      "resolved": "https://registry.npmjs.org/axios/-/axios-0.18.0.tgz"
    },
    "node_modules/handlebars": {
      "version": "4.0.11",
      "resolved": "https://registry.npmjs.org/handlebars/-/handlebars-4.0.11.tgz"
    },
    "node_modules/marked": {
      "version": "0.3.9",
      "resolved": "https://registry.npmjs.org/marked/-/marked-0.3.9.tgz"
    },
    "node_modules/moment": {
      "version": "2.19.3",
      "resolved": "https://registry.npmjs.org/moment/-/moment-2.19.3.tgz"
    },
    "node_modules/express": {
      "version": "4.16.0",
      "resolved": "https://registry.npmjs.org/express/-/express-4.16.0.tgz"
    },
    "node_modules/jquery": {
      "version": "3.2.1",
      "resolved": "https://registry.npmjs.org/jquery/-/jquery-3.2.1.tgz"
    },
    "node_modules/node-fetch": {
      "version": "2.6.0",
      "resolved": "https://registry.npmjs.org/node-fetch/-/node-fetch-2.6.0.tgz"
    },
    "node_modules/ws": {
      "version": "5.2.0",
      "resolved": "https://registry.npmjs.org/ws/-/ws-5.2.0.tgz"
    },
    "node_modules/tar": {
      "version": "4.4.0",
      "resolved": "https://registry.npmjs.org/tar/-/tar-4.4.0.tgz"
    },
    "node_modules/y18n": {
      "version": "4.0.0",
      "resolved": "https://registry.npmjs.org/y18n/-/y18n-4.0.0.tgz"
    },
    "node_modules/ejs": {
      "version": "2.6.1",
      "resolved": "https://registry.npmjs.org/ejs/-/ejs-2.6.1.tgz"
    },
    "node_modules/serialize-javascript": {
      "version": "1.9.0",
      "resolved": "https://registry.npmjs.org/serialize-javascript/-/serialize-javascript-1.9.0.tgz"
    },
    "node_modules/shelljs": {
      "version": "0.3.0",
      "resolved": "https://registry.npmjs.org/shelljs/-/shelljs-0.3.0.tgz"
    },
    "node_modules/js-yaml": {
      "version": "3.12.0",
      "resolved": "https://registry.npmjs.org/js-yaml/-/js-yaml-3.12.0.tgz"
    },
    "node_modules/braces": {
      "version": "2.3.0",
      "resolved": "https://registry.npmjs.org/braces/-/braces-2.3.0.tgz"
    },
    "node_modules/debug": {
      "version": "2.6.8",
      "resolved": "https://registry.npmjs.org/debug/-/debug-2.6.8.tgz"
    },
    "node_modules/mongoose": {
      "version": "5.7.0",
      "resolved": "https://registry.npmjs.org/mongoose/-/mongoose-5.7.0.tgz"
    },
    "node_modules/socket.io": {
      "version": "2.2.0",
      "resolved": "https://registry.npmjs.org/socket.io/-/socket.io-2.2.0.tgz"
    },
    "node_modules/next": {
      "version": "9.3.0",
      "resolved": "https://registry.npmjs.org/next/-/next-9.3.0.tgz"
    },
    "node_modules/vue": {
      "version": "2.6.10",
      "resolved": "https://registry.npmjs.org/vue/-/vue-2.6.10.tgz"
    },
    "node_modules/angular": {
      "version": "1.6.9",
      "resolved": "https://registry.npmjs.org/angular/-/angular-1.6.9.tgz"
    },
    "node_modules/bootstrap": {
      "version": "3.3.7",
      "resolved": "https://registry.npmjs.org/bootstrap/-/bootstrap-3.3.7.tgz"
    },
    "node_modules/underscore": {
      "version": "1.8.3",
      "resolved": "https://registry.npmjs.org/underscore/-/underscore-1.8.3.tgz"
    },
    "node_modules/request": {
      "version": "2.87.0",
      "resolved": "https://registry.npmjs.org/request/-/request-2.87.0.tgz"
    },
    "node_modules/sequelize": {
      "version": "5.21.0",
      "resolved": "https://registry.npmjs.org/sequelize/-/sequelize-5.21.0.tgz"
    },
    "node_modules/http-proxy-middleware": {
      "version": "0.19.1",
      "resolved": "https://registry.npmjs.org/http-proxy-middleware/-/http-proxy-middleware-0.19.1.tgz"
    },
    "node_modules/netmask": {
      "version": "1.0.6",
      "resolved": "https://registry.npmjs.org/netmask/-/netmask-1.0.6.tgz"
    },
    "node_modules/parse-url": {
      "version": "5.0.0",
      "resolved": "https://registry.npmjs.org/parse-url/-/parse-url-5.0.0.tgz"
    }
  }
}